
Microsoft Visual Studio Solution File, Format Version 12.00
# Visual Studio Version 17
VisualStudioVersion = 17.2.32630.192
MinimumVisualStudioVersion = 10.0.40219.1
Project("{9A19103F-16F7-4668-BE54-9A1E7A4F7556}") = "BorusanCase", "BorusanCase\BorusanCase.csproj", "{50A3D8AE-7CE9-4A8A-8B62-2C498F46FA3C}"
EndProject
Project("{E24C65DC-7377-472B-9ABA-BC803B73C61A}") = "BorusanCase.UI", "BorusanCase.UI\", "{4F6B9608-0B39-48B5-B55C-A21A5333A702}"
	ProjectSection(WebsiteProperties) = preProject
		Debug.AspNetCompiler.VirtualPath = "/localhost_54920"
		Debug.AspNetCompiler.PhysicalPath = "BorusanCase.UI\"
		Debug.AspNetCompiler.TargetPath = "PrecompiledWeb\localhost_54920\"
		Debug.AspNetCompiler.Updateable = "true"
		Debug.AspNetCompiler.ForceOverwrite = "true"
		Debug.AspNetCompiler.FixedNames = "false"
		Debug.AspNetCompiler.Debug = "True"
		Release.AspNetCompiler.VirtualPath = "/localhost_54920"
		Release.AspNetCompiler.PhysicalPath = "BorusanCase.UI\"
		Release.AspNetCompiler.TargetPath = "PrecompiledWeb\localhost_54920\"
		Release.AspNetCompiler.Updateable = "true"
		Release.AspNetCompiler.ForceOverwrite = "true"
		Release.AspNetCompiler.FixedNames = "false"
		Release.AspNetCompiler.Debug = "False"
		VWDPort = "54920"
	EndProjectSection
EndProject
Global
	GlobalSection(SolutionConfigurationPlatforms) = preSolution
		Debug|Any CPU = Debug|Any CPU
		Release|Any CPU = Release|Any CPU
	EndGlobalSection
	GlobalSection(ProjectConfigurationPlatforms) = postSolution
		{50A3D8AE-7CE9-4A8A-8B62-2C498F46FA3C}.Debug|Any CPU.ActiveCfg = Debug|Any CPU
		{50A3D8AE-7CE9-4A8A-8B62-2C498F46FA3C}.Debug|Any CPU.Build.0 = Debug|Any CPU
		{50A3D8AE-7CE9-4A8A-8B62-2C498F46FA3C}.Release|Any CPU.ActiveCfg = Release|Any CPU
		{50A3D8AE-7CE9-4A8A-8B62-2C498F46FA3C}.Release|Any CPU.Build.0 = Release|Any CPU
		{4F6B9608-0B39-48B5-B55C-A21A5333A702}.Debug|Any CPU.ActiveCfg = Debug|Any CPU
		{4F6B9608-0B39-48B5-B55C-A21A5333A702}.Debug|Any CPU.Build.0 = Debug|Any CPU
		{4F6B9608-0B39-48B5-B55C-A21A5333A702}.Release|Any CPU.ActiveCfg = Debug|Any CPU
		{4F6B9608-0B39-48B5-B55C-A21A5333A702}.Release|Any CPU.Build.0 = Debug|Any CPU
	EndGlobalSection
	GlobalSection(SolutionProperties) = preSolution
		HideSolutionNode = FALSE
	EndGlobalSection
	GlobalSection(ExtensibilityGlobals) = postSolution
		SolutionGuid = {AB1C4FF3-DBD3-47C1-85E0-1AAC3E8E8300}
	EndGlobalSection
EndGlobal
